
Microsoft Visual Studio Solution File, Format Version 12.00
# Visual Studio Version 17
VisualStudioVersion = 17.13.35828.75 d17.13
MinimumVisualStudioVersion = 10.0.40219.1
Project("{FAE04EC0-301F-11D3-BF4B-00C04F79EFBC}") = "Book-Club-2025", "Book-Club-2025.csproj", "{63FC6BEE-0099-42F9-A6F5-A6275AC993DB}"
EndProject
Global
	GlobalSection(SolutionConfigurationPlatforms) = preSolution
		Debug|Any CPU = Debug|Any CPU
		Release|Any CPU = Release|Any CPU
	EndGlobalSection
	GlobalSection(ProjectConfigurationPlatforms) = postSolution
		{63FC6BEE-0099-42F9-A6F5-A6275AC993DB}.Debug|Any CPU.ActiveCfg = Debug|Any CPU
		{63FC6BEE-0099-42F9-A6F5-A6275AC993DB}.Debug|Any CPU.Build.0 = Debug|Any CPU
		{63FC6BEE-0099-42F9-A6F5-A6275AC993DB}.Release|Any CPU.ActiveCfg = Release|Any CPU
		{63FC6BEE-0099-42F9-A6F5-A6275AC993DB}.Release|Any CPU.Build.0 = Release|Any CPU
	EndGlobalSection
	GlobalSection(SolutionProperties) = preSolution
		HideSolutionNode = FALSE
	EndGlobalSection
	GlobalSection(ExtensibilityGlobals) = postSolution
		SolutionGuid = {788FD3CE-1A3E-4775-9C99-93B37F17B877}
	EndGlobalSection
EndGlobal
